// !$*UTF8*$!
{
	archiveVersion = 1;
	classes = {
	};
	objectVersion = 77;
	objects = {

/* Begin PBXBuildFile section */
		5C2143732D7F941100A202AD /* CardCategoryManager.swift in Sources */ = {isa = PBXBuildFile; fileRef = 5C2143722D7F940B00A202AD /* CardCategoryManager.swift */; };
		5C2143772D7F953600A202AD /* AppState.swift in Sources */ = {isa = PBXBuildFile; fileRef = 5C2143762D7F952E00A202AD /* AppState.swift */; };
		5C2143792D8A4F7300A202AD /* CardImageDatabase.swift in Sources */ = {isa = PBXBuildFile; fileRef = 5C2143782D8A4F6500A202AD /* CardImageDatabase.swift */; };
		5C21437B2D8F6E9200A202AD /* UserProfile.swift in Sources */ = {isa = PBXBuildFile; fileRef = 5C21437A2D8F6E8B00A202AD /* UserProfile.swift */; };
		5C21437D2D8F6EA300A202AD /* ProfileService.swift in Sources */ = {isa = PBXBuildFile; fileRef = 5C21437C2D8F6EA300A202AD /* ProfileService.swift */; };
		5C21437F2D8F6EB900A202AD /* ProfileViewModel.swift in Sources */ = {isa = PBXBuildFile; fileRef = 5C21437E2D8F6EB900A202AD /* ProfileViewModel.swift */; };
		5C2143812D8F6EC800A202AD /* ProfileSwitcherView.swift in Sources */ = {isa = PBXBuildFile; fileRef = 5C2143802D8F6EC800A202AD /* ProfileSwitcherView.swift */; };
		5C2143832D8F6ED700A202AD /* ProfileRowView.swift in Sources */ = {isa = PBXBuildFile; fileRef = 5C2143822D8F6ED700A202AD /* ProfileRowView.swift */; };
		5C2143852D8F6EE100A202AD /* CreateProfileView.swift in Sources */ = {isa = PBXBuildFile; fileRef = 5C2143842D8F6EE100A202AD /* CreateProfileView.swift */; };
		5CF29B2D2D6F4F1200AEBA27 /* CreditCard.swift in Sources */ = {isa = PBXBuildFile; fileRef = 5CF29B122D6F4BD200AEBA27 /* CreditCard.swift */; };
		5CF29B2E2D6F4F1600AEBA27 /* CreditCardInfo.swift in Sources */ = {isa = PBXBuildFile; fileRef = 5CF29B132D6F4BEB00AEBA27 /* CreditCardInfo.swift */; };
		5CF29B2F2D6F4F1A00AEBA27 /* User.swift in Sources */ = {isa = PBXBuildFile; fileRef = 5CF29B142D6F4C0100AEBA27 /* User.swift */; };
		5CF29B302D6F4F1E00AEBA27 /* CreditCardService.swift in Sources */ = {isa = PBXBuildFile; fileRef = 5CF29B152D6F4C1300AEBA27 /* CreditCardService.swift */; };
		5CF29B312D6F4F2300AEBA27 /* UserService.swift in Sources */ = {isa = PBXBuildFile; fileRef = 5CF29B162D6F4C4200AEBA27 /* UserService.swift */; };
		5CF29B322D6F4F2700AEBA27 /* CardViewModel.swift in Sources */ = {isa = PBXBuildFile; fileRef = 5CF29B172D6F4C5900AEBA27 /* CardViewModel.swift */; };
		5CF29B332D6F4F2B00AEBA27 /* MainAppView.swift in Sources */ = {isa = PBXBuildFile; fileRef = 5CF29B212D6F4D3E00AEBA27 /* MainAppView.swift */; };
		5CF29B342D6F4F2F00AEBA27 /* TrackerView.swift in Sources */ = {isa = PBXBuildFile; fileRef = 5CF29B222D6F4D5200AEBA27 /* TrackerView.swift */; };
		5CF29B352D6F4F3600AEBA27 /* CardRowView.swift in Sources */ = {isa = PBXBuildFile; fileRef = 5CF29B242D6F4DBC00AEBA27 /* CardRowView.swift */; };
		5CF29B362D6F4F3B00AEBA27 /* DashboardView.swift in Sources */ = {isa = PBXBuildFile; fileRef = 5CF29B232D6F4DA700AEBA27 /* DashboardView.swift */; };
		5CF29B372D6F4F4100AEBA27 /* CardDetailView.swift in Sources */ = {isa = PBXBuildFile; fileRef = 5CF29B252D6F4DCD00AEBA27 /* CardDetailView.swift */; };
		5CF29B382D6F4F4500AEBA27 /* AddCardView.swift in Sources */ = {isa = PBXBuildFile; fileRef = 5CF29B262D6F4DDF00AEBA27 /* AddCardView.swift */; };
		5CF29B392D6F4F4900AEBA27 /* CardCatalogView.swift in Sources */ = {isa = PBXBuildFile; fileRef = 5CF29B272D6F4DF300AEBA27 /* CardCatalogView.swift */; };
		5CF29B3A2D6F4F4E00AEBA27 /* CatalogCardView.swift in Sources */ = {isa = PBXBuildFile; fileRef = 5CF29B282D6F4E0E00AEBA27 /* CatalogCardView.swift */; };
		5CF29B3B2D6F4F5100AEBA27 /* CardDetailCatalogView.swift in Sources */ = {isa = PBXBuildFile; fileRef = 5CF29B292D6F4E2200AEBA27 /* CardDetailCatalogView.swift */; };
		5CF29B3C2D6F4F5900AEBA27 /* SignUpView.swift in Sources */ = {isa = PBXBuildFile; fileRef = 5CF29B2C2D6F4E5B00AEBA27 /* SignUpView.swift */; };
		5CF29B3D2D6F4F5E00AEBA27 /* LoginView.swift in Sources */ = {isa = PBXBuildFile; fileRef = 5CF29B2B2D6F4E4B00AEBA27 /* LoginView.swift */; };
		5CF29B3E2D6F4F6100AEBA27 /* AccountView.swift in Sources */ = {isa = PBXBuildFile; fileRef = 5CF29B2A2D6F4E3D00AEBA27 /* AccountView.swift */; };
		5CF29B3F2D6F505500AEBA27 /* FormField.swift in Sources */ = {isa = PBXBuildFile; fileRef = 5CF29B1D2D6F4CF000AEBA27 /* FormField.swift */; };
		5CF29B402D6F505900AEBA27 /* DetailRow.swift in Sources */ = {isa = PBXBuildFile; fileRef = 5CF29B1E2D6F4D0B00AEBA27 /* DetailRow.swift */; };
		5CF29B412D6F505C00AEBA27 /* CategoryButton.swift in Sources */ = {isa = PBXBuildFile; fileRef = 5CF29B1F2D6F4D1900AEBA27 /* CategoryButton.swift */; };
		5CF29B422D6F506400AEBA27 /* SummaryCard.swift in Sources */ = {isa = PBXBuildFile; fileRef = 5CF29B202D6F4D2F00AEBA27 /* SummaryCard.swift */; };
		5CF29B462D6F529300AEBA27 /* CardPickerView.swift in Sources */ = {isa = PBXBuildFile; fileRef = 5CF29B452D6F528E00AEBA27 /* CardPickerView.swift */; };
		5CF29B592D6F543800AEBA27 /* DetailedStatsView.swift in Sources */ = {isa = PBXBuildFile; fileRef = 5CF29B582D6F543100AEBA27 /* DetailedStatsView.swift */; };
		5CF29B5B2D6F5A0B00AEBA27 /* APIClient.swift in Sources */ = {isa = PBXBuildFile; fileRef = 5CF29B5A2D6F5A0600AEBA27 /* APIClient.swift */; };
		5CF29B5D2D6F5B6600AEBA27 /* APIModels.swift in Sources */ = {isa = PBXBuildFile; fileRef = 5CF29B5C2D6F5B5F00AEBA27 /* APIModels.swift */; };
		5CF29B5F2D6FF2F900AEBA27 /* CardSearchModel.swift in Sources */ = {isa = PBXBuildFile; fileRef = 5CF29B5E2D6FF2F800AEBA27 /* CardSearchModel.swift */; };
		5CF29B612D70366100AEBA27 /* Apptheme.swift in Sources */ = {isa = PBXBuildFile; fileRef = 5CF29B602D70365E00AEBA27 /* Apptheme.swift */; };
/* End PBXBuildFile section */

/* Begin PBXContainerItemProxy section */
		5CF29ABB2D6D764900AEBA27 /* PBXContainerItemProxy */ = {
			isa = PBXContainerItemProxy;
			containerPortal = 5CF29AA22D6D764700AEBA27 /* Project object */;
			proxyType = 1;
			remoteGlobalIDString = 5CF29AA92D6D764700AEBA27;
			remoteInfo = CreditCardTracker;
		};
		5CF29AC52D6D764900AEBA27 /* PBXContainerItemProxy */ = {
			isa = PBXContainerItemProxy;
			containerPortal = 5CF29AA22D6D764700AEBA27 /* Project object */;
			proxyType = 1;
			remoteGlobalIDString = 5CF29AA92D6D764700AEBA27;
			remoteInfo = CreditCardTracker;
		};
/* End PBXContainerItemProxy section */

/* Begin PBXFileReference section */
		5C2143722D7F940B00A202AD /* CardCategoryManager.swift */ = {isa = PBXFileReference; lastKnownFileType = sourcecode.swift; path = CardCategoryManager.swift; sourceTree = "<group>"; };
		5C2143762D7F952E00A202AD /* AppState.swift */ = {isa = PBXFileReference; lastKnownFileType = sourcecode.swift; path = AppState.swift; sourceTree = "<group>"; };
		5C2143782D8A4F6500A202AD /* CardImageDatabase.swift */ = {isa = PBXFileReference; lastKnownFileType = sourcecode.swift; path = CardImageDatabase.swift; sourceTree = "<group>"; };
		5C21437A2D8F6E8B00A202AD /* UserProfile.swift */ = {isa = PBXFileReference; lastKnownFileType = sourcecode.swift; path = UserProfile.swift; sourceTree = "<group>"; };
		5C21437C2D8F6EA300A202AD /* ProfileService.swift */ = {isa = PBXFileReference; lastKnownFileType = sourcecode.swift; path = ProfileService.swift; sourceTree = "<group>"; };
		5C21437E2D8F6EB900A202AD /* ProfileViewModel.swift */ = {isa = PBXFileReference; lastKnownFileType = sourcecode.swift; path = ProfileViewModel.swift; sourceTree = "<group>"; };
		5C2143802D8F6EC800A202AD /* ProfileSwitcherView.swift */ = {isa = PBXFileReference; lastKnownFileType = sourcecode.swift; path = ProfileSwitcherView.swift; sourceTree = "<group>"; };
		5C2143822D8F6ED700A202AD /* ProfileRowView.swift */ = {isa = PBXFileReference; lastKnownFileType = sourcecode.swift; path = ProfileRowView.swift; sourceTree = "<group>"; };
		5C2143842D8F6EE100A202AD /* CreateProfileView.swift */ = {isa = PBXFileReference; lastKnownFileType = sourcecode.swift; path = CreateProfileView.swift; sourceTree = "<group>"; };
		5CF29AAA2D6D764700AEBA27 /* CreditCardTracker.app */ = {isa = PBXFileReference; explicitFileType = wrapper.application; includeInIndex = 0; path = CreditCardTracker.app; sourceTree = BUILT_PRODUCTS_DIR; };
		5CF29ABA2D6D764900AEBA27 /* CreditCardTrackerTests.xctest */ = {isa = PBXFileReference; explicitFileType = wrapper.cfbundle; includeInIndex = 0; path = CreditCardTrackerTests.xctest; sourceTree = BUILT_PRODUCTS_DIR; };
		5CF29AC42D6D764900AEBA27 /* CreditCardTrackerUITests.xctest */ = {isa = PBXFileReference; explicitFileType = wrapper.cfbundle; includeInIndex = 0; path = CreditCardTrackerUITests.xctest; sourceTree = BUILT_PRODUCTS_DIR; };
		5CF29B122D6F4BD200AEBA27 /* CreditCard.swift */ = {isa = PBXFileReference; lastKnownFileType = sourcecode.swift; path = CreditCard.swift; sourceTree = "<group>"; };
		5CF29B132D6F4BEB00AEBA27 /* CreditCardInfo.swift */ = {isa = PBXFileReference; lastKnownFileType = sourcecode.swift; path = CreditCardInfo.swift; sourceTree = "<group>"; };
		5CF29B142D6F4C0100AEBA27 /* User.swift */ = {isa = PBXFileReference; lastKnownFileType = sourcecode.swift; path = User.swift; sourceTree = "<group>"; };
		5CF29B152D6F4C1300AEBA27 /* CreditCardService.swift */ = {isa = PBXFileReference; lastKnownFileType = sourcecode.swift; path = CreditCardService.swift; sourceTree = "<group>"; };
		5CF29B162D6F4C4200AEBA27 /* UserService.swift */ = {isa = PBXFileReference; lastKnownFileType = sourcecode.swift; path = UserService.swift; sourceTree = "<group>"; };
		5CF29B172D6F4C5900AEBA27 /* CardViewModel.swift */ = {isa = PBXFileReference; lastKnownFileType = sourcecode.swift; path = CardViewModel.swift; sourceTree = "<group>"; };
		5CF29B1D2D6F4CF000AEBA27 /* FormField.swift */ = {isa = PBXFileReference; lastKnownFileType = sourcecode.swift; path = FormField.swift; sourceTree = "<group>"; };
		5CF29B1E2D6F4D0B00AEBA27 /* DetailRow.swift */ = {isa = PBXFileReference; lastKnownFileType = sourcecode.swift; path = DetailRow.swift; sourceTree = "<group>"; };
		5CF29B1F2D6F4D1900AEBA27 /* CategoryButton.swift */ = {isa = PBXFileReference; lastKnownFileType = sourcecode.swift; path = CategoryButton.swift; sourceTree = "<group>"; };
		5CF29B202D6F4D2F00AEBA27 /* SummaryCard.swift */ = {isa = PBXFileReference; lastKnownFileType = sourcecode.swift; path = SummaryCard.swift; sourceTree = "<group>"; };
		5CF29B212D6F4D3E00AEBA27 /* MainAppView.swift */ = {isa = PBXFileReference; lastKnownFileType = sourcecode.swift; path = MainAppView.swift; sourceTree = "<group>"; };
		5CF29B222D6F4D5200AEBA27 /* TrackerView.swift */ = {isa = PBXFileReference; lastKnownFileType = sourcecode.swift; path = TrackerView.swift; sourceTree = "<group>"; };
		5CF29B232D6F4DA700AEBA27 /* DashboardView.swift */ = {isa = PBXFileReference; lastKnownFileType = sourcecode.swift; path = DashboardView.swift; sourceTree = "<group>"; };
		5CF29B242D6F4DBC00AEBA27 /* CardRowView.swift */ = {isa = PBXFileReference; lastKnownFileType = sourcecode.swift; path = CardRowView.swift; sourceTree = "<group>"; };
		5CF29B252D6F4DCD00AEBA27 /* CardDetailView.swift */ = {isa = PBXFileReference; lastKnownFileType = sourcecode.swift; path = CardDetailView.swift; sourceTree = "<group>"; };
		5CF29B262D6F4DDF00AEBA27 /* AddCardView.swift */ = {isa = PBXFileReference; lastKnownFileType = sourcecode.swift; path = AddCardView.swift; sourceTree = "<group>"; };
		5CF29B272D6F4DF300AEBA27 /* CardCatalogView.swift */ = {isa = PBXFileReference; lastKnownFileType = sourcecode.swift; path = CardCatalogView.swift; sourceTree = "<group>"; };
		5CF29B282D6F4E0E00AEBA27 /* CatalogCardView.swift */ = {isa = PBXFileReference; lastKnownFileType = sourcecode.swift; path = CatalogCardView.swift; sourceTree = "<group>"; };
		5CF29B292D6F4E2200AEBA27 /* CardDetailCatalogView.swift */ = {isa = PBXFileReference; lastKnownFileType = sourcecode.swift; path = CardDetailCatalogView.swift; sourceTree = "<group>"; };
		5CF29B2A2D6F4E3D00AEBA27 /* AccountView.swift */ = {isa = PBXFileReference; lastKnownFileType = sourcecode.swift; path = AccountView.swift; sourceTree = "<group>"; };
		5CF29B2B2D6F4E4B00AEBA27 /* LoginView.swift */ = {isa = PBXFileReference; lastKnownFileType = sourcecode.swift; path = LoginView.swift; sourceTree = "<group>"; };
		5CF29B2C2D6F4E5B00AEBA27 /* SignUpView.swift */ = {isa = PBXFileReference; lastKnownFileType = sourcecode.swift; path = SignUpView.swift; sourceTree = "<group>"; };
		5CF29B452D6F528E00AEBA27 /* CardPickerView.swift */ = {isa = PBXFileReference; lastKnownFileType = sourcecode.swift; path = CardPickerView.swift; sourceTree = "<group>"; };
		5CF29B582D6F543100AEBA27 /* DetailedStatsView.swift */ = {isa = PBXFileReference; lastKnownFileType = sourcecode.swift; path = DetailedStatsView.swift; sourceTree = "<group>"; };
		5CF29B5A2D6F5A0600AEBA27 /* APIClient.swift */ = {isa = PBXFileReference; lastKnownFileType = sourcecode.swift; path = APIClient.swift; sourceTree = "<group>"; };
		5CF29B5C2D6F5B5F00AEBA27 /* APIModels.swift */ = {isa = PBXFileReference; lastKnownFileType = sourcecode.swift; path = APIModels.swift; sourceTree = "<group>"; };
		5CF29B5E2D6FF2F800AEBA27 /* CardSearchModel.swift */ = {isa = PBXFileReference; lastKnownFileType = sourcecode.swift; path = CardSearchModel.swift; sourceTree = "<group>"; };
		5CF29B602D70365E00AEBA27 /* Apptheme.swift */ = {isa = PBXFileReference; lastKnownFileType = sourcecode.swift; path = Apptheme.swift; sourceTree = "<group>"; };
/* End PBXFileReference section */

/* Begin PBXFileSystemSynchronizedRootGroup section */
		5CF29AAC2D6D764700AEBA27 /* CreditCardTracker */ = {
			isa = PBXFileSystemSynchronizedRootGroup;
			path = CreditCardTracker;
			sourceTree = "<group>";
		};
		5CF29ABD2D6D764900AEBA27 /* CreditCardTrackerTests */ = {
			isa = PBXFileSystemSynchronizedRootGroup;
			path = CreditCardTrackerTests;
			sourceTree = "<group>";
		};
		5CF29AC72D6D764900AEBA27 /* CreditCardTrackerUITests */ = {
			isa = PBXFileSystemSynchronizedRootGroup;
			path = CreditCardTrackerUITests;
			sourceTree = "<group>";
		};
/* End PBXFileSystemSynchronizedRootGroup section */

/* Begin PBXFrameworksBuildPhase section */
		5CF29AA72D6D764700AEBA27 /* Frameworks */ = {
			isa = PBXFrameworksBuildPhase;
			buildActionMask = 2147483647;
			files = (
			);
			runOnlyForDeploymentPostprocessing = 0;
		};
		5CF29AB72D6D764900AEBA27 /* Frameworks */ = {
			isa = PBXFrameworksBuildPhase;
			buildActionMask = 2147483647;
			files = (
			);
			runOnlyForDeploymentPostprocessing = 0;
		};
		5CF29AC12D6D764900AEBA27 /* Frameworks */ = {
			isa = PBXFrameworksBuildPhase;
			buildActionMask = 2147483647;
			files = (
			);
			runOnlyForDeploymentPostprocessing = 0;
		};
/* End PBXFrameworksBuildPhase section */

/* Begin PBXGroup section */
		5CF29AA12D6D764700AEBA27 = {
			isa = PBXGroup;
			children = (
				5CF29B0C2D6F4B8A00AEBA27 /* Views */,
				5CF29B0B2D6F4B7F00AEBA27 /* ViewModels */,
				5CF29B0A2D6F4B7800AEBA27 /* Services */,
				5CF29B092D6F4B6E00AEBA27 /* Models */,
				5CF29AAC2D6D764700AEBA27 /* CreditCardTracker */,
				5CF29ABD2D6D764900AEBA27 /* CreditCardTrackerTests */,
				5CF29AC72D6D764900AEBA27 /* CreditCardTrackerUITests */,
				5CF29AAB2D6D764700AEBA27 /* Products */,
			);
			sourceTree = "<group>";
		};
		5CF29AAB2D6D764700AEBA27 /* Products */ = {
			isa = PBXGroup;
			children = (
				5CF29AAA2D6D764700AEBA27 /* CreditCardTracker.app */,
				5CF29ABA2D6D764900AEBA27 /* CreditCardTrackerTests.xctest */,
				5CF29AC42D6D764900AEBA27 /* CreditCardTrackerUITests.xctest */,
			);
			name = Products;
			sourceTree = "<group>";
		};
		5CF29B092D6F4B6E00AEBA27 /* Models */ = {
			isa = PBXGroup;
			children = (
				5C21437A2D8F6E8B00A202AD /* UserProfile.swift */,
				5CF29B5E2D6FF2F800AEBA27 /* CardSearchModel.swift */,
				5CF29B5C2D6F5B5F00AEBA27 /* APIModels.swift */,
				5CF29B142D6F4C0100AEBA27 /* User.swift */,
				5CF29B132D6F4BEB00AEBA27 /* CreditCardInfo.swift */,
				5CF29B122D6F4BD200AEBA27 /* CreditCard.swift */,
			);
			path = Models;
			sourceTree = "<group>";
		};
		5CF29B0A2D6F4B7800AEBA27 /* Services */ = {
			isa = PBXGroup;
			children = (
				5C21437C2D8F6EA300A202AD /* ProfileService.swift */,
				5C2143782D8A4F6500A202AD /* CardImageDatabase.swift */,
				5C2143762D7F952E00A202AD /* AppState.swift */,
				5C2143722D7F940B00A202AD /* CardCategoryManager.swift */,
				5CF29B5A2D6F5A0600AEBA27 /* APIClient.swift */,
				5CF29B162D6F4C4200AEBA27 /* UserService.swift */,
				5CF29B152D6F4C1300AEBA27 /* CreditCardService.swift */,
			);
			path = Services;
			sourceTree = "<group>";
		};
		5CF29B0B2D6F4B7F00AEBA27 /* ViewModels */ = {
			isa = PBXGroup;
			children = (
				5C21437E2D8F6EB900A202AD /* ProfileViewModel.swift */,
				5CF29B172D6F4C5900AEBA27 /* CardViewModel.swift */,
			);
			path = ViewModels;
			sourceTree = "<group>";
		};
		5CF29B0C2D6F4B8A00AEBA27 /* Views */ = {
			isa = PBXGroup;
			children = (
				5CF29B1C2D6F4CB500AEBA27 /* Components */,
				5CF29B1B2D6F4CAF00AEBA27 /* Account */,
				5CF29B1A2D6F4CA900AEBA27 /* Catalog */,
				5CF29B192D6F4CA200AEBA27 /* Tracker */,
				5CF29B182D6F4C9D00AEBA27 /* Main */,
			);
			path = Views;
			sourceTree = "<group>";
		};
		5CF29B182D6F4C9D00AEBA27 /* Main */ = {
			isa = PBXGroup;
			children = (
				5C2143842D8F6EE100A202AD /* CreateProfileView.swift */,
				5C2143822D8F6ED700A202AD /* ProfileRowView.swift */,
				5C2143802D8F6EC800A202AD /* ProfileSwitcherView.swift */,
				5CF29B212D6F4D3E00AEBA27 /* MainAppView.swift */,
			);
			path = Main;
			sourceTree = "<group>";
		};
		5CF29B192D6F4CA200AEBA27 /* Tracker */ = {
			isa = PBXGroup;
			children = (
				5CF29B582D6F543100AEBA27 /* DetailedStatsView.swift */,
				5CF29B262D6F4DDF00AEBA27 /* AddCardView.swift */,
				5CF29B252D6F4DCD00AEBA27 /* CardDetailView.swift */,
				5CF29B242D6F4DBC00AEBA27 /* CardRowView.swift */,
				5CF29B232D6F4DA700AEBA27 /* DashboardView.swift */,
				5CF29B222D6F4D5200AEBA27 /* TrackerView.swift */,
			);
			path = Tracker;
			sourceTree = "<group>";
		};
		5CF29B1A2D6F4CA900AEBA27 /* Catalog */ = {
			isa = PBXGroup;
			children = (
				5CF29B292D6F4E2200AEBA27 /* CardDetailCatalogView.swift */,
				5CF29B282D6F4E0E00AEBA27 /* CatalogCardView.swift */,
				5CF29B272D6F4DF300AEBA27 /* CardCatalogView.swift */,
			);
			path = Catalog;
			sourceTree = "<group>";
		};
		5CF29B1B2D6F4CAF00AEBA27 /* Account */ = {
			isa = PBXGroup;
			children = (
				5CF29B2C2D6F4E5B00AEBA27 /* SignUpView.swift */,
				5CF29B2B2D6F4E4B00AEBA27 /* LoginView.swift */,
				5CF29B2A2D6F4E3D00AEBA27 /* AccountView.swift */,
			);
			path = Account;
			sourceTree = "<group>";
		};
		5CF29B1C2D6F4CB500AEBA27 /* Components */ = {
			isa = PBXGroup;
			children = (
				5CF29B602D70365E00AEBA27 /* Apptheme.swift */,
				5CF29B452D6F528E00AEBA27 /* CardPickerView.swift */,
				5CF29B202D6F4D2F00AEBA27 /* SummaryCard.swift */,
				5CF29B1F2D6F4D1900AEBA27 /* CategoryButton.swift */,
				5CF29B1E2D6F4D0B00AEBA27 /* DetailRow.swift */,
				5CF29B1D2D6F4CF000AEBA27 /* FormField.swift */,
			);
			path = Components;
			sourceTree = "<group>";
		};
/* End PBXGroup section */

/* Begin PBXNativeTarget section */
		5CF29AA92D6D764700AEBA27 /* CreditCardTracker */ = {
			isa = PBXNativeTarget;
			buildConfigurationList = 5CF29ACE2D6D764900AEBA27 /* Build configuration list for PBXNativeTarget "CreditCardTracker" */;
			buildPhases = (
				5CF29AA62D6D764700AEBA27 /* Sources */,
				5CF29AA72D6D764700AEBA27 /* Frameworks */,
				5CF29AA82D6D764700AEBA27 /* Resources */,
			);
			buildRules = (
			);
			dependencies = (
			);
			fileSystemSynchronizedGroups = (
				5CF29AAC2D6D764700AEBA27 /* CreditCardTracker */,
			);
			name = CreditCardTracker;
			packageProductDependencies = (
			);
			productName = CreditCardTracker;
			productReference = 5CF29AAA2D6D764700AEBA27 /* CreditCardTracker.app */;
			productType = "com.apple.product-type.application";
		};
		5CF29AB92D6D764900AEBA27 /* CreditCardTrackerTests */ = {
			isa = PBXNativeTarget;
			buildConfigurationList = 5CF29AD12D6D764900AEBA27 /* Build configuration list for PBXNativeTarget "CreditCardTrackerTests" */;
			buildPhases = (
				5CF29AB62D6D764900AEBA27 /* Sources */,
				5CF29AB72D6D764900AEBA27 /* Frameworks */,
				5CF29AB82D6D764900AEBA27 /* Resources */,
			);
			buildRules = (
			);
			dependencies = (
				5CF29ABC2D6D764900AEBA27 /* PBXTargetDependency */,
			);
			fileSystemSynchronizedGroups = (
				5CF29ABD2D6D764900AEBA27 /* CreditCardTrackerTests */,
			);
			name = CreditCardTrackerTests;
			packageProductDependencies = (
			);
			productName = CreditCardTrackerTests;
			productReference = 5CF29ABA2D6D764900AEBA27 /* CreditCardTrackerTests.xctest */;
			productType = "com.apple.product-type.bundle.unit-test";
		};
		5CF29AC32D6D764900AEBA27 /* CreditCardTrackerUITests */ = {
			isa = PBXNativeTarget;
			buildConfigurationList = 5CF29AD42D6D764900AEBA27 /* Build configuration list for PBXNativeTarget "CreditCardTrackerUITests" */;
			buildPhases = (
				5CF29AC02D6D764900AEBA27 /* Sources */,
				5CF29AC12D6D764900AEBA27 /* Frameworks */,
				5CF29AC22D6D764900AEBA27 /* Resources */,
			);
			buildRules = (
			);
			dependencies = (
				5CF29AC62D6D764900AEBA27 /* PBXTargetDependency */,
			);
			fileSystemSynchronizedGroups = (
				5CF29AC72D6D764900AEBA27 /* CreditCardTrackerUITests */,
			);
			name = CreditCardTrackerUITests;
			packageProductDependencies = (
			);
			productName = CreditCardTrackerUITests;
			productReference = 5CF29AC42D6D764900AEBA27 /* CreditCardTrackerUITests.xctest */;
			productType = "com.apple.product-type.bundle.ui-testing";
		};
/* End PBXNativeTarget section */

/* Begin PBXProject section */
		5CF29AA22D6D764700AEBA27 /* Project object */ = {
			isa = PBXProject;
			attributes = {
				BuildIndependentTargetsInParallel = 1;
				LastSwiftUpdateCheck = 1620;
				LastUpgradeCheck = 1620;
				TargetAttributes = {
					5CF29AA92D6D764700AEBA27 = {
						CreatedOnToolsVersion = 16.2;
					};
					5CF29AB92D6D764900AEBA27 = {
						CreatedOnToolsVersion = 16.2;
						TestTargetID = 5CF29AA92D6D764700AEBA27;
					};
					5CF29AC32D6D764900AEBA27 = {
						CreatedOnToolsVersion = 16.2;
						TestTargetID = 5CF29AA92D6D764700AEBA27;
					};
				};
			};
			buildConfigurationList = 5CF29AA52D6D764700AEBA27 /* Build configuration list for PBXProject "CreditCardTracker" */;
			developmentRegion = en;
			hasScannedForEncodings = 0;
			knownRegions = (
				en,
				Base,
			);
			mainGroup = 5CF29AA12D6D764700AEBA27;
			minimizedProjectReferenceProxies = 1;
			preferredProjectObjectVersion = 77;
			productRefGroup = 5CF29AAB2D6D764700AEBA27 /* Products */;
			projectDirPath = "";
			projectRoot = "";
			targets = (
				5CF29AA92D6D764700AEBA27 /* CreditCardTracker */,
				5CF29AB92D6D764900AEBA27 /* CreditCardTrackerTests */,
				5CF29AC32D6D764900AEBA27 /* CreditCardTrackerUITests */,
			);
		};
/* End PBXProject section */

/* Begin PBXResourcesBuildPhase section */
		5CF29AA82D6D764700AEBA27 /* Resources */ = {
			isa = PBXResourcesBuildPhase;
			buildActionMask = 2147483647;
			files = (
			);
			runOnlyForDeploymentPostprocessing = 0;
		};
		5CF29AB82D6D764900AEBA27 /* Resources */ = {
			isa = PBXResourcesBuildPhase;
			buildActionMask = 2147483647;
			files = (
			);
			runOnlyForDeploymentPostprocessing = 0;
		};
		5CF29AC22D6D764900AEBA27 /* Resources */ = {
			isa = PBXResourcesBuildPhase;
			buildActionMask = 2147483647;
			files = (
			);
			runOnlyForDeploymentPostprocessing = 0;
		};
/* End PBXResourcesBuildPhase section */

/* Begin PBXSourcesBuildPhase section */
		5CF29AA62D6D764700AEBA27 /* Sources */ = {
			isa = PBXSourcesBuildPhase;
			buildActionMask = 2147483647;
			files = (
				5CF29B392D6F4F4900AEBA27 /* CardCatalogView.swift in Sources */,
				5CF29B2F2D6F4F1A00AEBA27 /* User.swift in Sources */,
				5C2143732D7F941100A202AD /* CardCategoryManager.swift in Sources */,
				5C2143792D8A4F7300A202AD /* CardImageDatabase.swift in Sources */,
				5C21437B2D8F6E9200A202AD /* UserProfile.swift in Sources */,
				5CF29B352D6F4F3600AEBA27 /* CardRowView.swift in Sources */,
				5C21437D2D8F6EA300A202AD /* ProfileService.swift in Sources */,
				5CF29B302D6F4F1E00AEBA27 /* CreditCardService.swift in Sources */,
				5CF29B372D6F4F4100AEBA27 /* CardDetailView.swift in Sources */,
				5CF29B312D6F4F2300AEBA27 /* UserService.swift in Sources */,
				5CF29B2D2D6F4F1200AEBA27 /* CreditCard.swift in Sources */,
				5CF29B2E2D6F4F1600AEBA27 /* CreditCardInfo.swift in Sources */,
				5CF29B5D2D6F5B6600AEBA27 /* APIModels.swift in Sources */,
				5C2143832D8F6ED700A202AD /* ProfileRowView.swift in Sources */,
				5CF29B5B2D6F5A0B00AEBA27 /* APIClient.swift in Sources */,
				5C2143852D8F6EE100A202AD /* CreateProfileView.swift in Sources */,
				5CF29B422D6F506400AEBA27 /* SummaryCard.swift in Sources */,
				5C2143772D7F953600A202AD /* AppState.swift in Sources */,
				5CF29B382D6F4F4500AEBA27 /* AddCardView.swift in Sources */,
				5CF29B462D6F529300AEBA27 /* CardPickerView.swift in Sources */,
				5CF29B3B2D6F4F5100AEBA27 /* CardDetailCatalogView.swift in Sources */,
				5CF29B3F2D6F505500AEBA27 /* FormField.swift in Sources */,
				5CF29B362D6F4F3B00AEBA27 /* DashboardView.swift in Sources */,
				5CF29B342D6F4F2F00AEBA27 /* TrackerView.swift in Sources */,
				5CF29B3D2D6F4F5E00AEBA27 /* LoginView.swift in Sources */,
				5CF29B3E2D6F4F6100AEBA27 /* AccountView.swift in Sources */,
				5C2143812D8F6EC800A202AD /* ProfileSwitcherView.swift in Sources */,
				5CF29B3C2D6F4F5900AEBA27 /* SignUpView.swift in Sources */,
				5CF29B5F2D6FF2F900AEBA27 /* CardSearchModel.swift in Sources */,
				5CF29B3A2D6F4F4E00AEBA27 /* CatalogCardView.swift in Sources */,
				5CF29B612D70366100AEBA27 /* Apptheme.swift in Sources */,
				5CF29B592D6F543800AEBA27 /* DetailedStatsView.swift in Sources */,
				5CF29B402D6F505900AEBA27 /* DetailRow.swift in Sources */,
				5CF29B332D6F4F2B00AEBA27 /* MainAppView.swift in Sources */,
				5CF29B412D6F505C00AEBA27 /* CategoryButton.swift in Sources */,
				5CF29B322D6F4F2700AEBA27 /* CardViewModel.swift in Sources */,
				5C21437F2D8F6EB900A202AD /* ProfileViewModel.swift in Sources */,
			);
			runOnlyForDeploymentPostprocessing = 0;
		};
		5CF29AB62D6D764900AEBA27 /* Sources */ = {
			isa = PBXSourcesBuildPhase;
			buildActionMask = 2147483647;
			files = (
			);
			runOnlyForDeploymentPostprocessing = 0;
		};
		5CF29AC02D6D764900AEBA27 /* Sources */ = {
			isa = PBXSourcesBuildPhase;
			buildActionMask = 2147483647;
			files = (
			);
			runOnlyForDeploymentPostprocessing = 0;
		};
/* End PBXSourcesBuildPhase section */

/* Begin PBXTargetDependency section */
		5CF29ABC2D6D764900AEBA27 /* PBXTargetDependency */ = {
			isa = PBXTargetDependency;
			target = 5CF29AA92D6D764700AEBA27 /* CreditCardTracker */;
			targetProxy = 5CF29ABB2D6D764900AEBA27 /* PBXContainerItemProxy */;
		};
		5CF29AC62D6D764900AEBA27 /* PBXTargetDependency */ = {
			isa = PBXTargetDependency;
			target = 5CF29AA92D6D764700AEBA27 /* CreditCardTracker */;
			targetProxy = 5CF29AC52D6D764900AEBA27 /* PBXContainerItemProxy */;
		};
/* End PBXTargetDependency section */

/* Begin XCBuildConfiguration section */
		5CF29ACC2D6D764900AEBA27 /* Debug */ = {
			isa = XCBuildConfiguration;
			buildSettings = {
				ALWAYS_SEARCH_USER_PATHS = NO;
				ASSETCATALOG_COMPILER_GENERATE_SWIFT_ASSET_SYMBOL_EXTENSIONS = YES;
				CLANG_ANALYZER_NONNULL = YES;
				CLANG_ANALYZER_NUMBER_OBJECT_CONVERSION = YES_AGGRESSIVE;
				CLANG_CXX_LANGUAGE_STANDARD = "gnu++20";
				CLANG_ENABLE_MODULES = YES;
				CLANG_ENABLE_OBJC_ARC = YES;
				CLANG_ENABLE_OBJC_WEAK = YES;
				CLANG_WARN_BLOCK_CAPTURE_AUTORELEASING = YES;
				CLANG_WARN_BOOL_CONVERSION = YES;
				CLANG_WARN_COMMA = YES;
				CLANG_WARN_CONSTANT_CONVERSION = YES;
				CLANG_WARN_DEPRECATED_OBJC_IMPLEMENTATIONS = YES;
				CLANG_WARN_DIRECT_OBJC_ISA_USAGE = YES_ERROR;
				CLANG_WARN_DOCUMENTATION_COMMENTS = YES;
				CLANG_WARN_EMPTY_BODY = YES;
				CLANG_WARN_ENUM_CONVERSION = YES;
				CLANG_WARN_INFINITE_RECURSION = YES;
				CLANG_WARN_INT_CONVERSION = YES;
				CLANG_WARN_NON_LITERAL_NULL_CONVERSION = YES;
				CLANG_WARN_OBJC_IMPLICIT_RETAIN_SELF = YES;
				CLANG_WARN_OBJC_LITERAL_CONVERSION = YES;
				CLANG_WARN_OBJC_ROOT_CLASS = YES_ERROR;
				CLANG_WARN_QUOTED_INCLUDE_IN_FRAMEWORK_HEADER = YES;
				CLANG_WARN_RANGE_LOOP_ANALYSIS = YES;
				CLANG_WARN_STRICT_PROTOTYPES = YES;
				CLANG_WARN_SUSPICIOUS_MOVE = YES;
				CLANG_WARN_UNGUARDED_AVAILABILITY = YES_AGGRESSIVE;
				CLANG_WARN_UNREACHABLE_CODE = YES;
				CLANG_WARN__DUPLICATE_METHOD_MATCH = YES;
				COPY_PHASE_STRIP = NO;
				DEBUG_INFORMATION_FORMAT = dwarf;
				ENABLE_STRICT_OBJC_MSGSEND = YES;
				ENABLE_TESTABILITY = YES;
				ENABLE_USER_SCRIPT_SANDBOXING = YES;
				GCC_C_LANGUAGE_STANDARD = gnu17;
				GCC_DYNAMIC_NO_PIC = NO;
				GCC_NO_COMMON_BLOCKS = YES;
				GCC_OPTIMIZATION_LEVEL = 0;
				GCC_PREPROCESSOR_DEFINITIONS = (
					"DEBUG=1",
					"$(inherited)",
				);
				GCC_WARN_64_TO_32_BIT_CONVERSION = YES;
				GCC_WARN_ABOUT_RETURN_TYPE = YES_ERROR;
				GCC_WARN_UNDECLARED_SELECTOR = YES;
				GCC_WARN_UNINITIALIZED_AUTOS = YES_AGGRESSIVE;
				GCC_WARN_UNUSED_FUNCTION = YES;
				GCC_WARN_UNUSED_VARIABLE = YES;
				IPHONEOS_DEPLOYMENT_TARGET = 18.2;
				LOCALIZATION_PREFERS_STRING_CATALOGS = YES;
				MTL_ENABLE_DEBUG_INFO = INCLUDE_SOURCE;
				MTL_FAST_MATH = YES;
				ONLY_ACTIVE_ARCH = YES;
				SDKROOT = iphoneos;
				SWIFT_ACTIVE_COMPILATION_CONDITIONS = "DEBUG $(inherited)";
				SWIFT_OPTIMIZATION_LEVEL = "-Onone";
			};
			name = Debug;
		};
		5CF29ACD2D6D764900AEBA27 /* Release */ = {
			isa = XCBuildConfiguration;
			buildSettings = {
				ALWAYS_SEARCH_USER_PATHS = NO;
				ASSETCATALOG_COMPILER_GENERATE_SWIFT_ASSET_SYMBOL_EXTENSIONS = YES;
				CLANG_ANALYZER_NONNULL = YES;
				CLANG_ANALYZER_NUMBER_OBJECT_CONVERSION = YES_AGGRESSIVE;
				CLANG_CXX_LANGUAGE_STANDARD = "gnu++20";
				CLANG_ENABLE_MODULES = YES;
				CLANG_ENABLE_OBJC_ARC = YES;
				CLANG_ENABLE_OBJC_WEAK = YES;
				CLANG_WARN_BLOCK_CAPTURE_AUTORELEASING = YES;
				CLANG_WARN_BOOL_CONVERSION = YES;
				CLANG_WARN_COMMA = YES;
				CLANG_WARN_CONSTANT_CONVERSION = YES;
				CLANG_WARN_DEPRECATED_OBJC_IMPLEMENTATIONS = YES;
				CLANG_WARN_DIRECT_OBJC_ISA_USAGE = YES_ERROR;
				CLANG_WARN_DOCUMENTATION_COMMENTS = YES;
				CLANG_WARN_EMPTY_BODY = YES;
				CLANG_WARN_ENUM_CONVERSION = YES;
				CLANG_WARN_INFINITE_RECURSION = YES;
				CLANG_WARN_INT_CONVERSION = YES;
				CLANG_WARN_NON_LITERAL_NULL_CONVERSION = YES;
				CLANG_WARN_OBJC_IMPLICIT_RETAIN_SELF = YES;
				CLANG_WARN_OBJC_LITERAL_CONVERSION = YES;
				CLANG_WARN_OBJC_ROOT_CLASS = YES_ERROR;
				CLANG_WARN_QUOTED_INCLUDE_IN_FRAMEWORK_HEADER = YES;
				CLANG_WARN_RANGE_LOOP_ANALYSIS = YES;
				CLANG_WARN_STRICT_PROTOTYPES = YES;
				CLANG_WARN_SUSPICIOUS_MOVE = YES;
				CLANG_WARN_UNGUARDED_AVAILABILITY = YES_AGGRESSIVE;
				CLANG_WARN_UNREACHABLE_CODE = YES;
				CLANG_WARN__DUPLICATE_METHOD_MATCH = YES;
				COPY_PHASE_STRIP = NO;
				DEBUG_INFORMATION_FORMAT = "dwarf-with-dsym";
				ENABLE_NS_ASSERTIONS = NO;
				ENABLE_STRICT_OBJC_MSGSEND = YES;
				ENABLE_USER_SCRIPT_SANDBOXING = YES;
				GCC_C_LANGUAGE_STANDARD = gnu17;
				GCC_NO_COMMON_BLOCKS = YES;
				GCC_WARN_64_TO_32_BIT_CONVERSION = YES;
				GCC_WARN_ABOUT_RETURN_TYPE = YES_ERROR;
				GCC_WARN_UNDECLARED_SELECTOR = YES;
				GCC_WARN_UNINITIALIZED_AUTOS = YES_AGGRESSIVE;
				GCC_WARN_UNUSED_FUNCTION = YES;
				GCC_WARN_UNUSED_VARIABLE = YES;
				IPHONEOS_DEPLOYMENT_TARGET = 18.2;
				LOCALIZATION_PREFERS_STRING_CATALOGS = YES;
				MTL_ENABLE_DEBUG_INFO = NO;
				MTL_FAST_MATH = YES;
				SDKROOT = iphoneos;
				SWIFT_COMPILATION_MODE = wholemodule;
				VALIDATE_PRODUCT = YES;
			};
			name = Release;
		};
		5CF29ACF2D6D764900AEBA27 /* Debug */ = {
			isa = XCBuildConfiguration;
			buildSettings = {
				ASSETCATALOG_COMPILER_APPICON_NAME = AppIcon;
				ASSETCATALOG_COMPILER_GLOBAL_ACCENT_COLOR_NAME = AccentColor;
				CODE_SIGN_STYLE = Automatic;
				CURRENT_PROJECT_VERSION = 1;
				DEVELOPMENT_ASSET_PATHS = "\"CreditCardTracker/Preview Content\"";
				DEVELOPMENT_TEAM = A7CQ9887MT;
				ENABLE_PREVIEWS = YES;
				GENERATE_INFOPLIST_FILE = YES;
				INFOPLIST_KEY_UIApplicationSceneManifest_Generation = YES;
				INFOPLIST_KEY_UIApplicationSupportsIndirectInputEvents = YES;
				INFOPLIST_KEY_UILaunchScreen_Generation = YES;
				INFOPLIST_KEY_UISupportedInterfaceOrientations_iPad = "UIInterfaceOrientationPortrait UIInterfaceOrientationPortraitUpsideDown UIInterfaceOrientationLandscapeLeft UIInterfaceOrientationLandscapeRight";
				INFOPLIST_KEY_UISupportedInterfaceOrientations_iPhone = "UIInterfaceOrientationPortrait UIInterfaceOrientationLandscapeLeft UIInterfaceOrientationLandscapeRight";
				LD_RUNPATH_SEARCH_PATHS = (
					"$(inherited)",
					"@executable_path/Frameworks",
				);
				MARKETING_VERSION = 1.0;
				PRODUCT_BUNDLE_IDENTIFIER = pear.CreditCardTracker;
				PRODUCT_NAME = "$(TARGET_NAME)";
				SWIFT_EMIT_LOC_STRINGS = YES;
				SWIFT_VERSION = 5.0;
				TARGETED_DEVICE_FAMILY = "1,2";
			};
			name = Debug;
		};
		5CF29AD02D6D764900AEBA27 /* Release */ = {
			isa = XCBuildConfiguration;
			buildSettings = {
				ASSETCATALOG_COMPILER_APPICON_NAME = AppIcon;
				ASSETCATALOG_COMPILER_GLOBAL_ACCENT_COLOR_NAME = AccentColor;
				CODE_SIGN_STYLE = Automatic;
				CURRENT_PROJECT_VERSION = 1;
				DEVELOPMENT_ASSET_PATHS = "\"CreditCardTracker/Preview Content\"";
				DEVELOPMENT_TEAM = A7CQ9887MT;
				ENABLE_PREVIEWS = YES;
				GENERATE_INFOPLIST_FILE = YES;
				INFOPLIST_KEY_UIApplicationSceneManifest_Generation = YES;
				INFOPLIST_KEY_UIApplicationSupportsIndirectInputEvents = YES;
				INFOPLIST_KEY_UILaunchScreen_Generation = YES;
				INFOPLIST_KEY_UISupportedInterfaceOrientations_iPad = "UIInterfaceOrientationPortrait UIInterfaceOrientationPortraitUpsideDown UIInterfaceOrientationLandscapeLeft UIInterfaceOrientationLandscapeRight";
				INFOPLIST_KEY_UISupportedInterfaceOrientations_iPhone = "UIInterfaceOrientationPortrait UIInterfaceOrientationLandscapeLeft UIInterfaceOrientationLandscapeRight";
				LD_RUNPATH_SEARCH_PATHS = (
					"$(inherited)",
					"@executable_path/Frameworks",
				);
				MARKETING_VERSION = 1.0;
				PRODUCT_BUNDLE_IDENTIFIER = pear.CreditCardTracker;
				PRODUCT_NAME = "$(TARGET_NAME)";
				SWIFT_EMIT_LOC_STRINGS = YES;
				SWIFT_VERSION = 5.0;
				TARGETED_DEVICE_FAMILY = "1,2";
			};
			name = Release;
		};
		5CF29AD22D6D764900AEBA27 /* Debug */ = {
			isa = XCBuildConfiguration;
			buildSettings = {
				BUNDLE_LOADER = "$(TEST_HOST)";
				CODE_SIGN_STYLE = Automatic;
				CURRENT_PROJECT_VERSION = 1;
				DEVELOPMENT_TEAM = A7CQ9887MT;
				GENERATE_INFOPLIST_FILE = YES;
				IPHONEOS_DEPLOYMENT_TARGET = 18.2;
				MARKETING_VERSION = 1.0;
				PRODUCT_BUNDLE_IDENTIFIER = pear.CreditCardTrackerTests;
				PRODUCT_NAME = "$(TARGET_NAME)";
				SWIFT_EMIT_LOC_STRINGS = NO;
				SWIFT_VERSION = 5.0;
				TARGETED_DEVICE_FAMILY = "1,2";
				TEST_HOST = "$(BUILT_PRODUCTS_DIR)/CreditCardTracker.app/$(BUNDLE_EXECUTABLE_FOLDER_PATH)/CreditCardTracker";
			};
			name = Debug;
		};
		5CF29AD32D6D764900AEBA27 /* Release */ = {
			isa = XCBuildConfiguration;
			buildSettings = {
				BUNDLE_LOADER = "$(TEST_HOST)";
				CODE_SIGN_STYLE = Automatic;
				CURRENT_PROJECT_VERSION = 1;
				DEVELOPMENT_TEAM = A7CQ9887MT;
				GENERATE_INFOPLIST_FILE = YES;
				IPHONEOS_DEPLOYMENT_TARGET = 18.2;
				MARKETING_VERSION = 1.0;
				PRODUCT_BUNDLE_IDENTIFIER = pear.CreditCardTrackerTests;
				PRODUCT_NAME = "$(TARGET_NAME)";
				SWIFT_EMIT_LOC_STRINGS = NO;
				SWIFT_VERSION = 5.0;
				TARGETED_DEVICE_FAMILY = "1,2";
				TEST_HOST = "$(BUILT_PRODUCTS_DIR)/CreditCardTracker.app/$(BUNDLE_EXECUTABLE_FOLDER_PATH)/CreditCardTracker";
			};
			name = Release;
		};
		5CF29AD52D6D764900AEBA27 /* Debug */ = {
			isa = XCBuildConfiguration;
			buildSettings = {
				CODE_SIGN_STYLE = Automatic;
				CURRENT_PROJECT_VERSION = 1;
				DEVELOPMENT_TEAM = A7CQ9887MT;
				GENERATE_INFOPLIST_FILE = YES;
				MARKETING_VERSION = 1.0;
				PRODUCT_BUNDLE_IDENTIFIER = pear.CreditCardTrackerUITests;
				PRODUCT_NAME = "$(TARGET_NAME)";
				SWIFT_EMIT_LOC_STRINGS = NO;
				SWIFT_VERSION = 5.0;
				TARGETED_DEVICE_FAMILY = "1,2";
				TEST_TARGET_NAME = CreditCardTracker;
			};
			name = Debug;
		};
		5CF29AD62D6D764900AEBA27 /* Release */ = {
			isa = XCBuildConfiguration;
			buildSettings = {
				CODE_SIGN_STYLE = Automatic;
				CURRENT_PROJECT_VERSION = 1;
				DEVELOPMENT_TEAM = A7CQ9887MT;
				GENERATE_INFOPLIST_FILE = YES;
				MARKETING_VERSION = 1.0;
				PRODUCT_BUNDLE_IDENTIFIER = pear.CreditCardTrackerUITests;
				PRODUCT_NAME = "$(TARGET_NAME)";
				SWIFT_EMIT_LOC_STRINGS = NO;
				SWIFT_VERSION = 5.0;
				TARGETED_DEVICE_FAMILY = "1,2";
				TEST_TARGET_NAME = CreditCardTracker;
			};
			name = Release;
		};
/* End XCBuildConfiguration section */

/* Begin XCConfigurationList section */
		5CF29AA52D6D764700AEBA27 /* Build configuration list for PBXProject "CreditCardTracker" */ = {
			isa = XCConfigurationList;
			buildConfigurations = (
				5CF29ACC2D6D764900AEBA27 /* Debug */,
				5CF29ACD2D6D764900AEBA27 /* Release */,
			);
			defaultConfigurationIsVisible = 0;
			defaultConfigurationName = Release;
		};
		5CF29ACE2D6D764900AEBA27 /* Build configuration list for PBXNativeTarget "CreditCardTracker" */ = {
			isa = XCConfigurationList;
			buildConfigurations = (
				5CF29ACF2D6D764900AEBA27 /* Debug */,
				5CF29AD02D6D764900AEBA27 /* Release */,
			);
			defaultConfigurationIsVisible = 0;
			defaultConfigurationName = Release;
		};
		5CF29AD12D6D764900AEBA27 /* Build configuration list for PBXNativeTarget "CreditCardTrackerTests" */ = {
			isa = XCConfigurationList;
			buildConfigurations = (
				5CF29AD22D6D764900AEBA27 /* Debug */,
				5CF29AD32D6D764900AEBA27 /* Release */,
			);
			defaultConfigurationIsVisible = 0;
			defaultConfigurationName = Release;
		};
		5CF29AD42D6D764900AEBA27 /* Build configuration list for PBXNativeTarget "CreditCardTrackerUITests" */ = {
			isa = XCConfigurationList;
			buildConfigurations = (
				5CF29AD52D6D764900AEBA27 /* Debug */,
				5CF29AD62D6D764900AEBA27 /* Release */,
			);
			defaultConfigurationIsVisible = 0;
			defaultConfigurationName = Release;
		};
/* End XCConfigurationList section */
	};
	rootObject = 5CF29AA22D6D764700AEBA27 /* Project object */;
}
